
Microsoft Visual Studio Solution File, Format Version 12.00
# Visual Studio 15
VisualStudioVersion = 15.0.27428.2005
MinimumVisualStudioVersion = 10.0.40219.1
Project("{FAE04EC0-301F-11D3-BF4B-00C04F79EFBC}") = "EVAParachutesAndEjectionSeats", "EVAParachutesAndEjectionSeats\EVAParachutesAndEjectionSeats.csproj", "{EC925528-7C6F-4B72-BD2C-73B1B8627421}"
EndProject
Project("{2150E333-8FDC-42A3-9474-1A3956D46DE8}") = "SolutionFolder", "SolutionFolder", "{E26FE0F1-A424-4B28-8F68-A8DD28BA1ACC}"
	ProjectSection(SolutionItems) = preProject
		buildRelease.bat = buildRelease.bat
		Changelog.txt = Changelog.txt
		deploy.bat = deploy.bat
		EVAParachutesAndEjectionSeats.version = EVAParachutesAndEjectionSeats.version
		jenkins.txt = jenkins.txt
		License.txt = License.txt
		README.md = README.md
	EndProjectSection
EndProject
Global
	GlobalSection(SolutionConfigurationPlatforms) = preSolution
		Debug|Any CPU = Debug|Any CPU
		Release|Any CPU = Release|Any CPU
	EndGlobalSection
	GlobalSection(ProjectConfigurationPlatforms) = postSolution
		{EC925528-7C6F-4B72-BD2C-73B1B8627421}.Debug|Any CPU.ActiveCfg = Debug|Any CPU
		{EC925528-7C6F-4B72-BD2C-73B1B8627421}.Debug|Any CPU.Build.0 = Debug|Any CPU
		{EC925528-7C6F-4B72-BD2C-73B1B8627421}.Release|Any CPU.ActiveCfg = Release|Any CPU
		{EC925528-7C6F-4B72-BD2C-73B1B8627421}.Release|Any CPU.Build.0 = Release|Any CPU
	EndGlobalSection
	GlobalSection(SolutionProperties) = preSolution
		HideSolutionNode = FALSE
	EndGlobalSection
	GlobalSection(ExtensibilityGlobals) = postSolution
		SolutionGuid = {B7902EAA-BE13-448F-A82F-A30815318109}
	EndGlobalSection
EndGlobal
